Microsoft Visual Studio Solution File, Format Version 12.00
# Visual Studio Version 17
VisualStudioVersion = 17.5.2.0
MinimumVisualStudioVersion = 10.0.40219.1
Project("{2150E333-8FDC-42A3-9474-1A3956D46DE8}") = "backend", "backend", "{1AE8ACA6-933B-BF2A-3671-3E2EAC007D16}"
EndProject
Project("{2150E333-8FDC-42A3-9474-1A3956D46DE8}") = "ProtoHub", "ProtoHub", "{9A8154DD-4FEC-933F-5CB6-9F947280E3CA}"
EndProject
Project("{2150E333-8FDC-42A3-9474-1A3956D46DE8}") = "ProtoHub.Identity", "ProtoHub.Identity", "{06668C00-CF91-CC82-6EA2-8F60CE2C7E3F}"
EndProject
Project("{FAE04EC0-301F-11D3-BF4B-00C04F79EFBC}") = "ProtoHub.Identity.API", "backend\ProtoHub\ProtoHub.Identity\ProtoHub.Identity.API\ProtoHub.Identity.API.csproj", "{8FA377C3-B1A3-F191-AA04-279B9A0FAFA1}"
EndProject
Project("{FAE04EC0-301F-11D3-BF4B-00C04F79EFBC}") = "ProtoHub.Identity.Database", "backend\ProtoHub\ProtoHub.Identity\ProtoHub.Identity.Database\ProtoHub.Identity.Database.csproj", "{826A59DB-D950-E7F4-824A-0427E525080A}"
EndProject
Project("{2150E333-8FDC-42A3-9474-1A3956D46DE8}") = "Tools", "Tools", "{5C9E0F1F-FD14-E129-E0FC-E3074559CCE7}"
EndProject
Project("{FAE04EC0-301F-11D3-BF4B-00C04F79EFBC}") = "ProtoHub.Cache", "backend\ProtoHub\Tools\ProtoHub.Cache\ProtoHub.Cache.csproj", "{4F5FFE37-9A8E-E2B6-64D5-63F9C4A4492F}"
EndProject
Project("{FAE04EC0-301F-11D3-BF4B-00C04F79EFBC}") = "ProtoHub.Common", "backend\ProtoHub\Tools\ProtoHub.Common\ProtoHub.Common.csproj", "{FBF7BF6F-E979-1D75-4B3A-2239F16E6565}"
EndProject
Global
	GlobalSection(SolutionConfigurationPlatforms) = preSolution
		Debug|Any CPU = Debug|Any CPU
		Release|Any CPU = Release|Any CPU
	EndGlobalSection
	GlobalSection(ProjectConfigurationPlatforms) = postSolution
		{8FA377C3-B1A3-F191-AA04-279B9A0FAFA1}.Debug|Any CPU.ActiveCfg = Debug|Any CPU
		{8FA377C3-B1A3-F191-AA04-279B9A0FAFA1}.Debug|Any CPU.Build.0 = Debug|Any CPU
		{8FA377C3-B1A3-F191-AA04-279B9A0FAFA1}.Release|Any CPU.ActiveCfg = Release|Any CPU
		{8FA377C3-B1A3-F191-AA04-279B9A0FAFA1}.Release|Any CPU.Build.0 = Release|Any CPU
		{826A59DB-D950-E7F4-824A-0427E525080A}.Debug|Any CPU.ActiveCfg = Debug|Any CPU
		{826A59DB-D950-E7F4-824A-0427E525080A}.Debug|Any CPU.Build.0 = Debug|Any CPU
		{826A59DB-D950-E7F4-824A-0427E525080A}.Release|Any CPU.ActiveCfg = Release|Any CPU
		{826A59DB-D950-E7F4-824A-0427E525080A}.Release|Any CPU.Build.0 = Release|Any CPU
		{4F5FFE37-9A8E-E2B6-64D5-63F9C4A4492F}.Debug|Any CPU.ActiveCfg = Debug|Any CPU
		{4F5FFE37-9A8E-E2B6-64D5-63F9C4A4492F}.Debug|Any CPU.Build.0 = Debug|Any CPU
		{4F5FFE37-9A8E-E2B6-64D5-63F9C4A4492F}.Release|Any CPU.ActiveCfg = Release|Any CPU
		{4F5FFE37-9A8E-E2B6-64D5-63F9C4A4492F}.Release|Any CPU.Build.0 = Release|Any CPU
		{FBF7BF6F-E979-1D75-4B3A-2239F16E6565}.Debug|Any CPU.ActiveCfg = Debug|Any CPU
		{FBF7BF6F-E979-1D75-4B3A-2239F16E6565}.Debug|Any CPU.Build.0 = Debug|Any CPU
		{FBF7BF6F-E979-1D75-4B3A-2239F16E6565}.Release|Any CPU.ActiveCfg = Release|Any CPU
		{FBF7BF6F-E979-1D75-4B3A-2239F16E6565}.Release|Any CPU.Build.0 = Release|Any CPU
	EndGlobalSection
	GlobalSection(SolutionProperties) = preSolution
		HideSolutionNode = FALSE
	EndGlobalSection
	GlobalSection(NestedProjects) = preSolution
		{9A8154DD-4FEC-933F-5CB6-9F947280E3CA} = {1AE8ACA6-933B-BF2A-3671-3E2EAC007D16}
		{06668C00-CF91-CC82-6EA2-8F60CE2C7E3F} = {9A8154DD-4FEC-933F-5CB6-9F947280E3CA}
		{8FA377C3-B1A3-F191-AA04-279B9A0FAFA1} = {06668C00-CF91-CC82-6EA2-8F60CE2C7E3F}
		{826A59DB-D950-E7F4-824A-0427E525080A} = {06668C00-CF91-CC82-6EA2-8F60CE2C7E3F}
		{5C9E0F1F-FD14-E129-E0FC-E3074559CCE7} = {9A8154DD-4FEC-933F-5CB6-9F947280E3CA}
		{4F5FFE37-9A8E-E2B6-64D5-63F9C4A4492F} = {5C9E0F1F-FD14-E129-E0FC-E3074559CCE7}
		{FBF7BF6F-E979-1D75-4B3A-2239F16E6565} = {5C9E0F1F-FD14-E129-E0FC-E3074559CCE7}
	EndGlobalSection
	GlobalSection(ExtensibilityGlobals) = postSolution
		SolutionGuid = {E8A1F594-B9B5-45A6-B404-62C3AB243B1E}
	EndGlobalSection
EndGlobal
